
Microsoft Visual Studio Solution File, Format Version 12.00
# Visual Studio Version 16
VisualStudioVersion = 16.0.29609.76
MinimumVisualStudioVersion = 10.0.40219.1
Project("{FAE04EC0-301F-11D3-BF4B-00C04F79EFBC}") = "Helpers", "Helpers.csproj", "{3F6E4964-7202-4C29-B6D2-AD8AA4C6FD71}"
EndProject
Global
	GlobalSection(SolutionConfigurationPlatforms) = preSolution
		Debug|Any CPU = Debug|Any CPU
		Release|Any CPU = Release|Any CPU
	EndGlobalSection
	GlobalSection(ProjectConfigurationPlatforms) = postSolution
		{3F6E4964-7202-4C29-B6D2-AD8AA4C6FD71}.Debug|Any CPU.ActiveCfg = Debug|Any CPU
		{3F6E4964-7202-4C29-B6D2-AD8AA4C6FD71}.Debug|Any CPU.Build.0 = Debug|Any CPU
		{3F6E4964-7202-4C29-B6D2-AD8AA4C6FD71}.Release|Any CPU.ActiveCfg = Release|Any CPU
		{3F6E4964-7202-4C29-B6D2-AD8AA4C6FD71}.Release|Any CPU.Build.0 = Release|Any CPU
	EndGlobalSection
	GlobalSection(SolutionProperties) = preSolution
		HideSolutionNode = FALSE
	EndGlobalSection
	GlobalSection(ExtensibilityGlobals) = postSolution
		SolutionGuid = {3C5CF865-B512-4771-A8F4-573B9F15471F}
	EndGlobalSection
EndGlobal
